// !$*UTF8*$!
{
	archiveVersion = 1;
	classes = {
	};
	objectVersion = 55;
	objects = {

/* Begin PBXBuildFile section */
		49D2DAF8BA20E71DFFCE23D3 /* Pods_NextRest.framework in Frameworks */ = {isa = PBXBuildFile; fileRef = 183E08511E1E4B50B287B2EE /* Pods_NextRest.framework */; };
		FA20E09D2804455400CCEA26 /* moscowRests.json in Resources */ = {isa = PBXBuildFile; fileRef = FA20E09C2804455400CCEA26 /* moscowRests.json */; };
		FA20E0A12804703B00CCEA26 /* NetworkManager.swift in Sources */ = {isa = PBXBuildFile; fileRef = FA20E0A02804703B00CCEA26 /* NetworkManager.swift */; };
		FA2E42DA280F4F1E00396D3C /* LeftSideMenuViewController.swift in Sources */ = {isa = PBXBuildFile; fileRef = FA2E42D8280F4F1E00396D3C /* LeftSideMenuViewController.swift */; };
		FA2E42DB280F4F1E00396D3C /* LeftSideMenuViewController.xib in Resources */ = {isa = PBXBuildFile; fileRef = FA2E42D9280F4F1E00396D3C /* LeftSideMenuViewController.xib */; };
		FA2E42DE280F554500396D3C /* RIghtSideMenuViewController.swift in Sources */ = {isa = PBXBuildFile; fileRef = FA2E42DC280F554500396D3C /* RIghtSideMenuViewController.swift */; };
		FA2E42DF280F554500396D3C /* RIghtSideMenuViewController.xib in Resources */ = {isa = PBXBuildFile; fileRef = FA2E42DD280F554500396D3C /* RIghtSideMenuViewController.xib */; };
		FA81093F28685F6B00A53640 /* AppCoordinator.swift in Sources */ = {isa = PBXBuildFile; fileRef = FA81093E28685F6B00A53640 /* AppCoordinator.swift */; };
		FA810943286868AA00A53640 /* RandomizerViewController.swift in Sources */ = {isa = PBXBuildFile; fileRef = FA810941286868AA00A53640 /* RandomizerViewController.swift */; };
		FA810944286868AA00A53640 /* RandomizerViewController.xib in Resources */ = {isa = PBXBuildFile; fileRef = FA810942286868AA00A53640 /* RandomizerViewController.xib */; };
		FA810946286876F200A53640 /* Extension4SetRandomizerUI.swift in Sources */ = {isa = PBXBuildFile; fileRef = FA810945286876F200A53640 /* Extension4SetRandomizerUI.swift */; };
		FA8109482868837800A53640 /* RandomizerViewModel.swift in Sources */ = {isa = PBXBuildFile; fileRef = FA8109472868837800A53640 /* RandomizerViewModel.swift */; };
		FAA79FFF27CCDB5D00CE923C /* AppDelegate.swift in Sources */ = {isa = PBXBuildFile; fileRef = FAA79FFE27CCDB5D00CE923C /* AppDelegate.swift */; };
		FAA7A00127CCDB5D00CE923C /* SceneDelegate.swift in Sources */ = {isa = PBXBuildFile; fileRef = FAA7A00027CCDB5D00CE923C /* SceneDelegate.swift */; };
		FAA7A00827CCDB6100CE923C /* Assets.xcassets in Resources */ = {isa = PBXBuildFile; fileRef = FAA7A00727CCDB6100CE923C /* Assets.xcassets */; };
		FAC9FF23285DD6CF00BA86ED /* Extension4UIVIew.swift in Sources */ = {isa = PBXBuildFile; fileRef = FAC9FF22285DD6CF00BA86ED /* Extension4UIVIew.swift */; };
		FAC9FF26285DDB7500BA86ED /* Localizable.swift in Sources */ = {isa = PBXBuildFile; fileRef = FAC9FF25285DDB7500BA86ED /* Localizable.swift */; };
		FAC9FF3B285DEA3200BA86ED /* Extension4SetFirstUI.swift in Sources */ = {isa = PBXBuildFile; fileRef = FAC9FF3A285DEA3200BA86ED /* Extension4SetFirstUI.swift */; };
		FAC9FF3F285DEDF700BA86ED /* FirstViewController.swift in Sources */ = {isa = PBXBuildFile; fileRef = FAC9FF3D285DEDF700BA86ED /* FirstViewController.swift */; };
		FAC9FF40285DEDF700BA86ED /* FirstViewController.xib in Resources */ = {isa = PBXBuildFile; fileRef = FAC9FF3E285DEDF700BA86ED /* FirstViewController.xib */; };
		FAC9FF42285DF43000BA86ED /* Coordinator.swift in Sources */ = {isa = PBXBuildFile; fileRef = FAC9FF41285DF43000BA86ED /* Coordinator.swift */; };
		FAC9FF5B285E450200BA86ED /* Localizable.strings in Resources */ = {isa = PBXBuildFile; fileRef = FAC9FF59285E450200BA86ED /* Localizable.strings */; };
		FAF879B02801D809008E92FA /* DataModel.swift in Sources */ = {isa = PBXBuildFile; fileRef = FAF879AF2801D809008E92FA /* DataModel.swift */; };
/* End PBXBuildFile section */

/* Begin PBXFileReference section */
		183E08511E1E4B50B287B2EE /* Pods_NextRest.framework */ = {isa = PBXFileReference; explicitFileType = wrapper.framework; includeInIndex = 0; path = Pods_NextRest.framework; sourceTree = BUILT_PRODUCTS_DIR; };
		32C355BBF4BA4117521FF206 /* Pods-NextRest.release.xcconfig */ = {isa = PBXFileReference; includeInIndex = 1; lastKnownFileType = text.xcconfig; name = "Pods-NextRest.release.xcconfig"; path = "Target Support Files/Pods-NextRest/Pods-NextRest.release.xcconfig"; sourceTree = "<group>"; };
		79DA37E9F430930D846C60A2 /* Pods-NextRest.debug.xcconfig */ = {isa = PBXFileReference; includeInIndex = 1; lastKnownFileType = text.xcconfig; name = "Pods-NextRest.debug.xcconfig"; path = "Target Support Files/Pods-NextRest/Pods-NextRest.debug.xcconfig"; sourceTree = "<group>"; };
		FA20E09C2804455400CCEA26 /* moscowRests.json */ = {isa = PBXFileReference; fileEncoding = 4; lastKnownFileType = text.json; path = moscowRests.json; sourceTree = "<group>"; };
		FA20E0A02804703B00CCEA26 /* NetworkManager.swift */ = {isa = PBXFileReference; lastKnownFileType = sourcecode.swift; path = NetworkManager.swift; sourceTree = "<group>"; };
		FA2E42D8280F4F1E00396D3C /* LeftSideMenuViewController.swift */ = {isa = PBXFileReference; lastKnownFileType = sourcecode.swift; path = LeftSideMenuViewController.swift; sourceTree = "<group>"; };
		FA2E42D9280F4F1E00396D3C /* LeftSideMenuViewController.xib */ = {isa = PBXFileReference; lastKnownFileType = file.xib; path = LeftSideMenuViewController.xib; sourceTree = "<group>"; };
		FA2E42DC280F554500396D3C /* RIghtSideMenuViewController.swift */ = {isa = PBXFileReference; lastKnownFileType = sourcecode.swift; path = RIghtSideMenuViewController.swift; sourceTree = "<group>"; };
		FA2E42DD280F554500396D3C /* RIghtSideMenuViewController.xib */ = {isa = PBXFileReference; lastKnownFileType = file.xib; path = RIghtSideMenuViewController.xib; sourceTree = "<group>"; };
		FA81093E28685F6B00A53640 /* AppCoordinator.swift */ = {isa = PBXFileReference; lastKnownFileType = sourcecode.swift; path = AppCoordinator.swift; sourceTree = "<group>"; };
		FA810941286868AA00A53640 /* RandomizerViewController.swift */ = {isa = PBXFileReference; lastKnownFileType = sourcecode.swift; path = RandomizerViewController.swift; sourceTree = "<group>"; };
		FA810942286868AA00A53640 /* RandomizerViewController.xib */ = {isa = PBXFileReference; lastKnownFileType = file.xib; path = RandomizerViewController.xib; sourceTree = "<group>"; };
		FA810945286876F200A53640 /* Extension4SetRandomizerUI.swift */ = {isa = PBXFileReference; lastKnownFileType = sourcecode.swift; path = Extension4SetRandomizerUI.swift; sourceTree = "<group>"; };
		FA8109472868837800A53640 /* RandomizerViewModel.swift */ = {isa = PBXFileReference; lastKnownFileType = sourcecode.swift; path = RandomizerViewModel.swift; sourceTree = "<group>"; };
		FAA79FFB27CCDB5D00CE923C /* NextRest.app */ = {isa = PBXFileReference; explicitFileType = wrapper.application; includeInIndex = 0; path = NextRest.app; sourceTree = BUILT_PRODUCTS_DIR; };
		FAA79FFE27CCDB5D00CE923C /* AppDelegate.swift */ = {isa = PBXFileReference; lastKnownFileType = sourcecode.swift; path = AppDelegate.swift; sourceTree = "<group>"; };
		FAA7A00027CCDB5D00CE923C /* SceneDelegate.swift */ = {isa = PBXFileReference; lastKnownFileType = sourcecode.swift; path = SceneDelegate.swift; sourceTree = "<group>"; };
		FAA7A00727CCDB6100CE923C /* Assets.xcassets */ = {isa = PBXFileReference; lastKnownFileType = folder.assetcatalog; path = Assets.xcassets; sourceTree = "<group>"; };
		FAA7A00C27CCDB6100CE923C /* Info.plist */ = {isa = PBXFileReference; lastKnownFileType = text.plist.xml; path = Info.plist; sourceTree = "<group>"; };
		FAC9FF22285DD6CF00BA86ED /* Extension4UIVIew.swift */ = {isa = PBXFileReference; lastKnownFileType = sourcecode.swift; path = Extension4UIVIew.swift; sourceTree = "<group>"; };
		FAC9FF25285DDB7500BA86ED /* Localizable.swift */ = {isa = PBXFileReference; lastKnownFileType = sourcecode.swift; path = Localizable.swift; sourceTree = "<group>"; };
		FAC9FF3A285DEA3200BA86ED /* Extension4SetFirstUI.swift */ = {isa = PBXFileReference; lastKnownFileType = sourcecode.swift; path = Extension4SetFirstUI.swift; sourceTree = "<group>"; };
		FAC9FF3D285DEDF700BA86ED /* FirstViewController.swift */ = {isa = PBXFileReference; lastKnownFileType = sourcecode.swift; path = FirstViewController.swift; sourceTree = "<group>"; };
		FAC9FF3E285DEDF700BA86ED /* FirstViewController.xib */ = {isa = PBXFileReference; lastKnownFileType = file.xib; path = FirstViewController.xib; sourceTree = "<group>"; };
		FAC9FF41285DF43000BA86ED /* Coordinator.swift */ = {isa = PBXFileReference; lastKnownFileType = sourcecode.swift; path = Coordinator.swift; sourceTree = "<group>"; };
		FAC9FF5A285E450200BA86ED /* Base */ = {isa = PBXFileReference; lastKnownFileType = text.plist.strings; name = Base; path = Base.lproj/Localizable.strings; sourceTree = "<group>"; };
		FAC9FF5C285E451700BA86ED /* en */ = {isa = PBXFileReference; lastKnownFileType = text.plist.strings; name = en; path = en.lproj/Localizable.strings; sourceTree = "<group>"; };
		FAC9FF5D285E451B00BA86ED /* ru */ = {isa = PBXFileReference; lastKnownFileType = text.plist.strings; name = ru; path = ru.lproj/Localizable.strings; sourceTree = "<group>"; };
		FAF879AF2801D809008E92FA /* DataModel.swift */ = {isa = PBXFileReference; lastKnownFileType = sourcecode.swift; path = DataModel.swift; sourceTree = "<group>"; };
/* End PBXFileReference section */

/* Begin PBXFrameworksBuildPhase section */
		FAA79FF827CCDB5D00CE923C /* Frameworks */ = {
			isa = PBXFrameworksBuildPhase;
			buildActionMask = 2147483647;
			files = (
				49D2DAF8BA20E71DFFCE23D3 /* Pods_NextRest.framework in Frameworks */,
			);
			runOnlyForDeploymentPostprocessing = 0;
		};
/* End PBXFrameworksBuildPhase section */

/* Begin PBXGroup section */
		476B8749558C9E5017D31C5B /* Frameworks */ = {
			isa = PBXGroup;
			children = (
				183E08511E1E4B50B287B2EE /* Pods_NextRest.framework */,
			);
			name = Frameworks;
			sourceTree = "<group>";
		};
		95CFD55DDF246AD9D891DD76 /* Pods */ = {
			isa = PBXGroup;
			children = (
				79DA37E9F430930D846C60A2 /* Pods-NextRest.debug.xcconfig */,
				32C355BBF4BA4117521FF206 /* Pods-NextRest.release.xcconfig */,
			);
			path = Pods;
			sourceTree = "<group>";
		};
		FA20E0A22804704900CCEA26 /* DataModel */ = {
			isa = PBXGroup;
			children = (
				FAF879AF2801D809008E92FA /* DataModel.swift */,
				FA20E09C2804455400CCEA26 /* moscowRests.json */,
			);
			path = DataModel;
			sourceTree = "<group>";
		};
		FA20E0A32804706200CCEA26 /* Network */ = {
			isa = PBXGroup;
			children = (
				FA20E0A02804703B00CCEA26 /* NetworkManager.swift */,
			);
			path = Network;
			sourceTree = "<group>";
		};
		FA20E0A42804709F00CCEA26 /* SideMenuControllers */ = {
			isa = PBXGroup;
			children = (
				FA2E42D8280F4F1E00396D3C /* LeftSideMenuViewController.swift */,
				FA2E42DC280F554500396D3C /* RIghtSideMenuViewController.swift */,
				FA2E42DD280F554500396D3C /* RIghtSideMenuViewController.xib */,
				FA2E42D9280F4F1E00396D3C /* LeftSideMenuViewController.xib */,
			);
			path = SideMenuControllers;
			sourceTree = "<group>";
		};
		FA301226287AEFDE00271DC3 /* View */ = {
			isa = PBXGroup;
			children = (
				FA810941286868AA00A53640 /* RandomizerViewController.swift */,
				FA810942286868AA00A53640 /* RandomizerViewController.xib */,
			);
			path = View;
			sourceTree = "<group>";
		};
		FA301227287AEFE900271DC3 /* ViewModel */ = {
			isa = PBXGroup;
			children = (
				FA8109472868837800A53640 /* RandomizerViewModel.swift */,
			);
			path = ViewModel;
			sourceTree = "<group>";
		};
		FA301228287AEFFC00271DC3 /* ViewExtension */ = {
			isa = PBXGroup;
			children = (
				FA810945286876F200A53640 /* Extension4SetRandomizerUI.swift */,
			);
			path = ViewExtension;
			sourceTree = "<group>";
		};
		FA81091A28675AC600A53640 /* Coordinator */ = {
			isa = PBXGroup;
			children = (
				FAC9FF41285DF43000BA86ED /* Coordinator.swift */,
				FA81093E28685F6B00A53640 /* AppCoordinator.swift */,
			);
			path = Coordinator;
			sourceTree = "<group>";
		};
		FA8109402868687D00A53640 /* Randomzier Controller */ = {
			isa = PBXGroup;
			children = (
				FA301226287AEFDE00271DC3 /* View */,
				FA301227287AEFE900271DC3 /* ViewModel */,
				FA301228287AEFFC00271DC3 /* ViewExtension */,
			);
			path = "Randomzier Controller";
			sourceTree = "<group>";
		};
		FAA79FF227CCDB5D00CE923C = {
			isa = PBXGroup;
			children = (
				FAA79FFD27CCDB5D00CE923C /* NextRest */,
				FAA79FFC27CCDB5D00CE923C /* Products */,
				95CFD55DDF246AD9D891DD76 /* Pods */,
				476B8749558C9E5017D31C5B /* Frameworks */,
			);
			sourceTree = "<group>";
		};
		FAA79FFC27CCDB5D00CE923C /* Products */ = {
			isa = PBXGroup;
			children = (
				FAA79FFB27CCDB5D00CE923C /* NextRest.app */,
			);
			name = Products;
			sourceTree = "<group>";
		};
		FAA79FFD27CCDB5D00CE923C /* NextRest */ = {
			isa = PBXGroup;
			children = (
				FAA79FFE27CCDB5D00CE923C /* AppDelegate.swift */,
				FAA7A00027CCDB5D00CE923C /* SceneDelegate.swift */,
				FA81091A28675AC600A53640 /* Coordinator */,
				FAC9FF24285DDB4400BA86ED /* Localizable */,
				FAC9FF21285DD69900BA86ED /* Extensions for view */,
				FA20E0A22804704900CCEA26 /* DataModel */,
				FA20E0A32804706200CCEA26 /* Network */,
				FAC9FF1E285DD63300BA86ED /* MainView */,
				FA8109402868687D00A53640 /* Randomzier Controller */,
				FA20E0A42804709F00CCEA26 /* SideMenuControllers */,
				FAA7A00727CCDB6100CE923C /* Assets.xcassets */,
				FAA7A00C27CCDB6100CE923C /* Info.plist */,
			);
			path = NextRest;
			sourceTree = "<group>";
		};
		FAC9FF1E285DD63300BA86ED /* MainView */ = {
			isa = PBXGroup;
			children = (
				FAC9FF3D285DEDF700BA86ED /* FirstViewController.swift */,
				FAC9FF3E285DEDF700BA86ED /* FirstViewController.xib */,
				FAC9FF3A285DEA3200BA86ED /* Extension4SetFirstUI.swift */,
			);
			path = MainView;
			sourceTree = "<group>";
		};
		FAC9FF21285DD69900BA86ED /* Extensions for view */ = {
			isa = PBXGroup;
			children = (
				FAC9FF22285DD6CF00BA86ED /* Extension4UIVIew.swift */,
			);
			path = "Extensions for view";
			sourceTree = "<group>";
		};
		FAC9FF24285DDB4400BA86ED /* Localizable */ = {
			isa = PBXGroup;
			children = (
				FAC9FF25285DDB7500BA86ED /* Localizable.swift */,
				FAC9FF59285E450200BA86ED /* Localizable.strings */,
			);
			path = Localizable;
			sourceTree = "<group>";
		};
/* End PBXGroup section */

/* Begin PBXNativeTarget section */
		FAA79FFA27CCDB5D00CE923C /* NextRest */ = {
			isa = PBXNativeTarget;
			buildConfigurationList = FAA7A00F27CCDB6100CE923C /* Build configuration list for PBXNativeTarget "NextRest" */;
			buildPhases = (
				0EF02B735B94A29077CF987A /* [CP] Check Pods Manifest.lock */,
				FAA79FF727CCDB5D00CE923C /* Sources */,
				FAA79FF827CCDB5D00CE923C /* Frameworks */,
				FAA79FF927CCDB5D00CE923C /* Resources */,
				3A280AA8B02A31039C299A17 /* [CP] Embed Pods Frameworks */,
			);
			buildRules = (
			);
			dependencies = (
			);
			name = NextRest;
			packageProductDependencies = (
			);
			productName = NextRest;
			productReference = FAA79FFB27CCDB5D00CE923C /* NextRest.app */;
			productType = "com.apple.product-type.application";
		};
/* End PBXNativeTarget section */

/* Begin PBXProject section */
		FAA79FF327CCDB5D00CE923C /* Project object */ = {
			isa = PBXProject;
			attributes = {
				BuildIndependentTargetsInParallel = 1;
				LastSwiftUpdateCheck = 1320;
				LastUpgradeCheck = 1320;
				TargetAttributes = {
					FAA79FFA27CCDB5D00CE923C = {
						CreatedOnToolsVersion = 13.2.1;
					};
				};
			};
			buildConfigurationList = FAA79FF627CCDB5D00CE923C /* Build configuration list for PBXProject "NextRest" */;
			compatibilityVersion = "Xcode 13.0";
			developmentRegion = en;
			hasScannedForEncodings = 0;
			knownRegions = (
				en,
				Base,
				ru,
			);
			mainGroup = FAA79FF227CCDB5D00CE923C;
			packageReferences = (
			);
			productRefGroup = FAA79FFC27CCDB5D00CE923C /* Products */;
			projectDirPath = "";
			projectRoot = "";
			targets = (
				FAA79FFA27CCDB5D00CE923C /* NextRest */,
			);
		};
/* End PBXProject section */

/* Begin PBXResourcesBuildPhase section */
		FAA79FF927CCDB5D00CE923C /* Resources */ = {
			isa = PBXResourcesBuildPhase;
			buildActionMask = 2147483647;
			files = (
				FA20E09D2804455400CCEA26 /* moscowRests.json in Resources */,
				FAA7A00827CCDB6100CE923C /* Assets.xcassets in Resources */,
				FA2E42DF280F554500396D3C /* RIghtSideMenuViewController.xib in Resources */,
				FAC9FF5B285E450200BA86ED /* Localizable.strings in Resources */,
				FA2E42DB280F4F1E00396D3C /* LeftSideMenuViewController.xib in Resources */,
				FAC9FF40285DEDF700BA86ED /* FirstViewController.xib in Resources */,
				FA810944286868AA00A53640 /* RandomizerViewController.xib in Resources */,
			);
			runOnlyForDeploymentPostprocessing = 0;
		};
/* End PBXResourcesBuildPhase section */

/* Begin PBXShellScriptBuildPhase section */
		0EF02B735B94A29077CF987A /* [CP] Check Pods Manifest.lock */ = {
			isa = PBXShellScriptBuildPhase;
			buildActionMask = 2147483647;
			files = (
			);
			inputFileListPaths = (
			);
			inputPaths = (
				"${PODS_PODFILE_DIR_PATH}/Podfile.lock",
				"${PODS_ROOT}/Manifest.lock",
			);
			name = "[CP] Check Pods Manifest.lock";
			outputFileListPaths = (
			);
			outputPaths = (
				"$(DERIVED_FILE_DIR)/Pods-NextRest-checkManifestLockResult.txt",
			);
			runOnlyForDeploymentPostprocessing = 0;
			shellPath = /bin/sh;
			shellScript = "diff \"${PODS_PODFILE_DIR_PATH}/Podfile.lock\" \"${PODS_ROOT}/Manifest.lock\" > /dev/null\nif [ $? != 0 ] ; then\n    # print error to STDERR\n    echo \"error: The sandbox is not in sync with the Podfile.lock. Run 'pod install' or update your CocoaPods installation.\" >&2\n    exit 1\nfi\n# This output is used by Xcode 'outputs' to avoid re-running this script phase.\necho \"SUCCESS\" > \"${SCRIPT_OUTPUT_FILE_0}\"\n";
			showEnvVarsInLog = 0;
		};
		3A280AA8B02A31039C299A17 /* [CP] Embed Pods Frameworks */ = {
			isa = PBXShellScriptBuildPhase;
			buildActionMask = 2147483647;
			files = (
			);
			inputFileListPaths = (
				"${PODS_ROOT}/Target Support Files/Pods-NextRest/Pods-NextRest-frameworks-${CONFIGURATION}-input-files.xcfilelist",
			);
			name = "[CP] Embed Pods Frameworks";
			outputFileListPaths = (
				"${PODS_ROOT}/Target Support Files/Pods-NextRest/Pods-NextRest-frameworks-${CONFIGURATION}-output-files.xcfilelist",
			);
			runOnlyForDeploymentPostprocessing = 0;
			shellPath = /bin/sh;
			shellScript = "\"${PODS_ROOT}/Target Support Files/Pods-NextRest/Pods-NextRest-frameworks.sh\"\n";
			showEnvVarsInLog = 0;
		};
/* End PBXShellScriptBuildPhase section */

/* Begin PBXSourcesBuildPhase section */
		FAA79FF727CCDB5D00CE923C /* Sources */ = {
			isa = PBXSourcesBuildPhase;
			buildActionMask = 2147483647;
			files = (
				FAC9FF42285DF43000BA86ED /* Coordinator.swift in Sources */,
				FAC9FF23285DD6CF00BA86ED /* Extension4UIVIew.swift in Sources */,
				FA2E42DA280F4F1E00396D3C /* LeftSideMenuViewController.swift in Sources */,
				FAC9FF26285DDB7500BA86ED /* Localizable.swift in Sources */,
				FAC9FF3F285DEDF700BA86ED /* FirstViewController.swift in Sources */,
				FA20E0A12804703B00CCEA26 /* NetworkManager.swift in Sources */,
				FAF879B02801D809008E92FA /* DataModel.swift in Sources */,
				FA810943286868AA00A53640 /* RandomizerViewController.swift in Sources */,
				FAA79FFF27CCDB5D00CE923C /* AppDelegate.swift in Sources */,
				FA8109482868837800A53640 /* RandomizerViewModel.swift in Sources */,
				FA810946286876F200A53640 /* Extension4SetRandomizerUI.swift in Sources */,
				FA2E42DE280F554500396D3C /* RIghtSideMenuViewController.swift in Sources */,
				FAC9FF3B285DEA3200BA86ED /* Extension4SetFirstUI.swift in Sources */,
				FAA7A00127CCDB5D00CE923C /* SceneDelegate.swift in Sources */,
				FA81093F28685F6B00A53640 /* AppCoordinator.swift in Sources */,
			);
			runOnlyForDeploymentPostprocessing = 0;
		};
/* End PBXSourcesBuildPhase section */

/* Begin PBXVariantGroup section */
		FAC9FF59285E450200BA86ED /* Localizable.strings */ = {
			isa = PBXVariantGroup;
			children = (
				FAC9FF5A285E450200BA86ED /* Base */,
				FAC9FF5C285E451700BA86ED /* en */,
				FAC9FF5D285E451B00BA86ED /* ru */,
			);
			name = Localizable.strings;
			sourceTree = "<group>";
		};
/* End PBXVariantGroup section */

/* Begin XCBuildConfiguration section */
		FAA7A00D27CCDB6100CE923C /* Debug */ = {
			isa = XCBuildConfiguration;
			buildSettings = {
				ALWAYS_SEARCH_USER_PATHS = NO;
				CLANG_ANALYZER_LOCALIZABILITY_NONLOCALIZED = YES;
				CLANG_ANALYZER_NONNULL = YES;
				CLANG_ANALYZER_NUMBER_OBJECT_CONVERSION = YES_AGGRESSIVE;
				CLANG_CXX_LANGUAGE_STANDARD = "gnu++17";
				CLANG_CXX_LIBRARY = "libc++";
				CLANG_ENABLE_MODULES = YES;
				CLANG_ENABLE_OBJC_ARC = YES;
				CLANG_ENABLE_OBJC_WEAK = YES;
				CLANG_WARN_BLOCK_CAPTURE_AUTORELEASING = YES;
				CLANG_WARN_BOOL_CONVERSION = YES;
				CLANG_WARN_COMMA = YES;
				CLANG_WARN_CONSTANT_CONVERSION = YES;
				CLANG_WARN_DEPRECATED_OBJC_IMPLEMENTATIONS = YES;
				CLANG_WARN_DIRECT_OBJC_ISA_USAGE = YES_ERROR;
				CLANG_WARN_DOCUMENTATION_COMMENTS = YES;
				CLANG_WARN_EMPTY_BODY = YES;
				CLANG_WARN_ENUM_CONVERSION = YES;
				CLANG_WARN_INFINITE_RECURSION = YES;
				CLANG_WARN_INT_CONVERSION = YES;
				CLANG_WARN_NON_LITERAL_NULL_CONVERSION = YES;
				CLANG_WARN_OBJC_IMPLICIT_RETAIN_SELF = YES;
				CLANG_WARN_OBJC_LITERAL_CONVERSION = YES;
				CLANG_WARN_OBJC_ROOT_CLASS = YES_ERROR;
				CLANG_WARN_QUOTED_INCLUDE_IN_FRAMEWORK_HEADER = YES;
				CLANG_WARN_RANGE_LOOP_ANALYSIS = YES;
				CLANG_WARN_STRICT_PROTOTYPES = YES;
				CLANG_WARN_SUSPICIOUS_MOVE = YES;
				CLANG_WARN_UNGUARDED_AVAILABILITY = YES_AGGRESSIVE;
				CLANG_WARN_UNREACHABLE_CODE = YES;
				CLANG_WARN__DUPLICATE_METHOD_MATCH = YES;
				COPY_PHASE_STRIP = NO;
				DEBUG_INFORMATION_FORMAT = dwarf;
				ENABLE_STRICT_OBJC_MSGSEND = YES;
				ENABLE_TESTABILITY = YES;
				GCC_C_LANGUAGE_STANDARD = gnu11;
				GCC_DYNAMIC_NO_PIC = NO;
				GCC_NO_COMMON_BLOCKS = YES;
				GCC_OPTIMIZATION_LEVEL = 0;
				GCC_PREPROCESSOR_DEFINITIONS = (
					"DEBUG=1",
					"$(inherited)",
				);
				GCC_WARN_64_TO_32_BIT_CONVERSION = YES;
				GCC_WARN_ABOUT_RETURN_TYPE = YES_ERROR;
				GCC_WARN_UNDECLARED_SELECTOR = YES;
				GCC_WARN_UNINITIALIZED_AUTOS = YES_AGGRESSIVE;
				GCC_WARN_UNUSED_FUNCTION = YES;
				GCC_WARN_UNUSED_VARIABLE = YES;
				IPHONEOS_DEPLOYMENT_TARGET = 15.2;
				MTL_ENABLE_DEBUG_INFO = INCLUDE_SOURCE;
				MTL_FAST_MATH = YES;
				ONLY_ACTIVE_ARCH = YES;
				SDKROOT = iphoneos;
				SWIFT_ACTIVE_COMPILATION_CONDITIONS = DEBUG;
				SWIFT_OPTIMIZATION_LEVEL = "-Onone";
			};
			name = Debug;
		};
		FAA7A00E27CCDB6100CE923C /* Release */ = {
			isa = XCBuildConfiguration;
			buildSettings = {
				ALWAYS_SEARCH_USER_PATHS = NO;
				CLANG_ANALYZER_LOCALIZABILITY_NONLOCALIZED = YES;
				CLANG_ANALYZER_NONNULL = YES;
				CLANG_ANALYZER_NUMBER_OBJECT_CONVERSION = YES_AGGRESSIVE;
				CLANG_CXX_LANGUAGE_STANDARD = "gnu++17";
				CLANG_CXX_LIBRARY = "libc++";
				CLANG_ENABLE_MODULES = YES;
				CLANG_ENABLE_OBJC_ARC = YES;
				CLANG_ENABLE_OBJC_WEAK = YES;
				CLANG_WARN_BLOCK_CAPTURE_AUTORELEASING = YES;
				CLANG_WARN_BOOL_CONVERSION = YES;
				CLANG_WARN_COMMA = YES;
				CLANG_WARN_CONSTANT_CONVERSION = YES;
				CLANG_WARN_DEPRECATED_OBJC_IMPLEMENTATIONS = YES;
				CLANG_WARN_DIRECT_OBJC_ISA_USAGE = YES_ERROR;
				CLANG_WARN_DOCUMENTATION_COMMENTS = YES;
				CLANG_WARN_EMPTY_BODY = YES;
				CLANG_WARN_ENUM_CONVERSION = YES;
				CLANG_WARN_INFINITE_RECURSION = YES;
				CLANG_WARN_INT_CONVERSION = YES;
				CLANG_WARN_NON_LITERAL_NULL_CONVERSION = YES;
				CLANG_WARN_OBJC_IMPLICIT_RETAIN_SELF = YES;
				CLANG_WARN_OBJC_LITERAL_CONVERSION = YES;
				CLANG_WARN_OBJC_ROOT_CLASS = YES_ERROR;
				CLANG_WARN_QUOTED_INCLUDE_IN_FRAMEWORK_HEADER = YES;
				CLANG_WARN_RANGE_LOOP_ANALYSIS = YES;
				CLANG_WARN_STRICT_PROTOTYPES = YES;
				CLANG_WARN_SUSPICIOUS_MOVE = YES;
				CLANG_WARN_UNGUARDED_AVAILABILITY = YES_AGGRESSIVE;
				CLANG_WARN_UNREACHABLE_CODE = YES;
				CLANG_WARN__DUPLICATE_METHOD_MATCH = YES;
				COPY_PHASE_STRIP = NO;
				DEBUG_INFORMATION_FORMAT = "dwarf-with-dsym";
				ENABLE_NS_ASSERTIONS = NO;
				ENABLE_STRICT_OBJC_MSGSEND = YES;
				GCC_C_LANGUAGE_STANDARD = gnu11;
				GCC_NO_COMMON_BLOCKS = YES;
				GCC_WARN_64_TO_32_BIT_CONVERSION = YES;
				GCC_WARN_ABOUT_RETURN_TYPE = YES_ERROR;
				GCC_WARN_UNDECLARED_SELECTOR = YES;
				GCC_WARN_UNINITIALIZED_AUTOS = YES_AGGRESSIVE;
				GCC_WARN_UNUSED_FUNCTION = YES;
				GCC_WARN_UNUSED_VARIABLE = YES;
				IPHONEOS_DEPLOYMENT_TARGET = 15.2;
				MTL_ENABLE_DEBUG_INFO = NO;
				MTL_FAST_MATH = YES;
				SDKROOT = iphoneos;
				SWIFT_COMPILATION_MODE = wholemodule;
				SWIFT_OPTIMIZATION_LEVEL = "-O";
				VALIDATE_PRODUCT = YES;
			};
			name = Release;
		};
		FAA7A01027CCDB6100CE923C /* Debug */ = {
			isa = XCBuildConfiguration;
			baseConfigurationReference = 79DA37E9F430930D846C60A2 /* Pods-NextRest.debug.xcconfig */;
			buildSettings = {
				ASSETCATALOG_COMPILER_APPICON_NAME = AppIcon;
				ASSETCATALOG_COMPILER_GLOBAL_ACCENT_COLOR_NAME = AccentColor;
				CODE_SIGN_STYLE = Automatic;
				CURRENT_PROJECT_VERSION = 1;
				DEVELOPMENT_TEAM = L52Y2D4NQN;
				GENERATE_INFOPLIST_FILE = YES;
				INFOPLIST_FILE = NextRest/Info.plist;
				INFOPLIST_KEY_CFBundleDisplayName = "";
				INFOPLIST_KEY_UIApplicationSupportsIndirectInputEvents = YES;
				INFOPLIST_KEY_UILaunchStoryboardName = LaunchScreen;
				INFOPLIST_KEY_UISupportedInterfaceOrientations = UIInterfaceOrientationPortrait;
				INFOPLIST_KEY_UISupportedInterfaceOrientations_iPad = "UIInterfaceOrientationPortrait UIInterfaceOrientationPortraitUpsideDown UIInterfaceOrientationLandscapeLeft UIInterfaceOrientationLandscapeRight";
				INFOPLIST_KEY_UISupportedInterfaceOrientations_iPhone = UIInterfaceOrientationPortrait;
				LD_RUNPATH_SEARCH_PATHS = (
					"$(inherited)",
					"@executable_path/Frameworks",
				);
				MARKETING_VERSION = 1.0;
				NEW_SETTING = "";
				PRODUCT_BUNDLE_IDENTIFIER = com.tenevg.NextRest;
				PRODUCT_NAME = "$(TARGET_NAME)";
				SWIFT_EMIT_LOC_STRINGS = YES;
				SWIFT_VERSION = 5.0;
				TARGETED_DEVICE_FAMILY = "1,2";
			};
			name = Debug;
		};
		FAA7A01127CCDB6100CE923C /* Release */ = {
			isa = XCBuildConfiguration;
			baseConfigurationReference = 32C355BBF4BA4117521FF206 /* Pods-NextRest.release.xcconfig */;
			buildSettings = {
				ASSETCATALOG_COMPILER_APPICON_NAME = AppIcon;
				ASSETCATALOG_COMPILER_GLOBAL_ACCENT_COLOR_NAME = AccentColor;
				CODE_SIGN_STYLE = Automatic;
				CURRENT_PROJECT_VERSION = 1;
				DEVELOPMENT_TEAM = L52Y2D4NQN;
				GENERATE_INFOPLIST_FILE = YES;
				INFOPLIST_FILE = NextRest/Info.plist;
				INFOPLIST_KEY_CFBundleDisplayName = "";
				INFOPLIST_KEY_UIApplicationSupportsIndirectInputEvents = YES;
				INFOPLIST_KEY_UILaunchStoryboardName = LaunchScreen;
				INFOPLIST_KEY_UISupportedInterfaceOrientations = UIInterfaceOrientationPortrait;
				INFOPLIST_KEY_UISupportedInterfaceOrientations_iPad = "UIInterfaceOrientationPortrait UIInterfaceOrientationPortraitUpsideDown UIInterfaceOrientationLandscapeLeft UIInterfaceOrientationLandscapeRight";
				INFOPLIST_KEY_UISupportedInterfaceOrientations_iPhone = UIInterfaceOrientationPortrait;
				LD_RUNPATH_SEARCH_PATHS = (
					"$(inherited)",
					"@executable_path/Frameworks",
				);
				MARKETING_VERSION = 1.0;
				NEW_SETTING = "";
				PRODUCT_BUNDLE_IDENTIFIER = com.tenevg.NextRest;
				PRODUCT_NAME = "$(TARGET_NAME)";
				SWIFT_EMIT_LOC_STRINGS = YES;
				SWIFT_VERSION = 5.0;
				TARGETED_DEVICE_FAMILY = "1,2";
			};
			name = Release;
		};
/* End XCBuildConfiguration section */

/* Begin XCConfigurationList section */
		FAA79FF627CCDB5D00CE923C /* Build configuration list for PBXProject "NextRest" */ = {
			isa = XCConfigurationList;
			buildConfigurations = (
				FAA7A00D27CCDB6100CE923C /* Debug */,
				FAA7A00E27CCDB6100CE923C /* Release */,
			);
			defaultConfigurationIsVisible = 0;
			defaultConfigurationName = Release;
		};
		FAA7A00F27CCDB6100CE923C /* Build configuration list for PBXNativeTarget "NextRest" */ = {
			isa = XCConfigurationList;
			buildConfigurations = (
				FAA7A01027CCDB6100CE923C /* Debug */,
				FAA7A01127CCDB6100CE923C /* Release */,
			);
			defaultConfigurationIsVisible = 0;
			defaultConfigurationName = Release;
		};
/* End XCConfigurationList section */
	};
	rootObject = FAA79FF327CCDB5D00CE923C /* Project object */;
}
